
Microsoft Visual Studio Solution File, Format Version 12.00
# Visual Studio 14
VisualStudioVersion = 14.0.25123.0
MinimumVisualStudioVersion = 10.0.40219.1
Project("{8BC9CEB8-8B4A-11D0-8D11-00A0C91BC942}") = "Engine2d", "Engine2d\Engine2d.vcxproj", "{0A2C9343-B700-429F-BB26-F410F80B4F56}"
EndProject
Project("{8BC9CEB8-8B4A-11D0-8D11-00A0C91BC942}") = "EngineTest", "EngineTest\EngineTest.vcxproj", "{65C3AC1E-F80A-433D-9685-9AFDA63F0AE5}"
EndProject
Global
	GlobalSection(SolutionConfigurationPlatforms) = preSolution
		Debug|x64 = Debug|x64
		Debug|x86 = Debug|x86
		Release|x64 = Release|x64
		Release|x86 = Release|x86
	EndGlobalSection
	GlobalSection(ProjectConfigurationPlatforms) = postSolution
		{0A2C9343-B700-429F-BB26-F410F80B4F56}.Debug|x64.ActiveCfg = Debug|x64
		{0A2C9343-B700-429F-BB26-F410F80B4F56}.Debug|x64.Build.0 = Debug|x64
		{0A2C9343-B700-429F-BB26-F410F80B4F56}.Debug|x86.ActiveCfg = Debug|Win32
		{0A2C9343-B700-429F-BB26-F410F80B4F56}.Debug|x86.Build.0 = Debug|Win32
		{0A2C9343-B700-429F-BB26-F410F80B4F56}.Release|x64.ActiveCfg = Release|x64
		{0A2C9343-B700-429F-BB26-F410F80B4F56}.Release|x64.Build.0 = Release|x64
		{0A2C9343-B700-429F-BB26-F410F80B4F56}.Release|x86.ActiveCfg = Release|Win32
		{0A2C9343-B700-429F-BB26-F410F80B4F56}.Release|x86.Build.0 = Release|Win32
		{65C3AC1E-F80A-433D-9685-9AFDA63F0AE5}.Debug|x64.ActiveCfg = Debug|x64
		{65C3AC1E-F80A-433D-9685-9AFDA63F0AE5}.Debug|x64.Build.0 = Debug|x64
		{65C3AC1E-F80A-433D-9685-9AFDA63F0AE5}.Debug|x86.ActiveCfg = Debug|Win32
		{65C3AC1E-F80A-433D-9685-9AFDA63F0AE5}.Debug|x86.Build.0 = Debug|Win32
		{65C3AC1E-F80A-433D-9685-9AFDA63F0AE5}.Release|x64.ActiveCfg = Release|x64
		{65C3AC1E-F80A-433D-9685-9AFDA63F0AE5}.Release|x64.Build.0 = Release|x64
		{65C3AC1E-F80A-433D-9685-9AFDA63F0AE5}.Release|x86.ActiveCfg = Release|Win32
		{65C3AC1E-F80A-433D-9685-9AFDA63F0AE5}.Release|x86.Build.0 = Release|Win32
	EndGlobalSection
	GlobalSection(SolutionProperties) = preSolution
		HideSolutionNode = FALSE
	EndGlobalSection
EndGlobal
